PODS:
  - FlutterMacOS (1.0.0)
  - rust_lib_ghostcal (0.0.1):
    - FlutterMacOS

DEPENDENCIES:
  - FlutterMacOS (from `Flutter/ephemeral`)
  - rust_lib_ghostcal (from `Flutter/ephemeral/.symlinks/plugins/rust_lib_ghostcal/macos`)

EXTERNAL SOURCES:
  FlutterMacOS:
    :path: Flutter/ephemeral
  rust_lib_ghostcal:
    :path: Flutter/ephemeral/.symlinks/plugins/rust_lib_ghostcal/macos

SPEC CHECKSUMS:
  FlutterMacOS: c232990155153907050900a2e175c7773903ba4e
  rust_lib_ghostcal: b34e35247183d7c4f9ecf48b651e9ea123f31e8c

PODFILE CHECKSUM: 1e95c36afbfd1cb6423ceca4de7a8e1b256fb6ac

COCOAPODS: 1.17.0
